
Microsoft Visual Studio Solution File, Format Version 12.00
# Visual Studio Version 16
VisualStudioVersion = 16.0.31205.134
MinimumVisualStudioVersion = 10.0.40219.1
Project("{FAE04EC0-301F-11D3-BF4B-00C04F79EFBC}") = "HelloWorld", "HelloWorld\HelloWorld.csproj", "{B414CE75-CD5B-41ED-A62F-10D34460392E}"
EndProject
Global
	GlobalSection(SolutionConfigurationPlatforms) = preSolution
		Debug|Any CPU = Debug|Any CPU
		Release|Any CPU = Release|Any CPU
	EndGlobalSection
	GlobalSection(ProjectConfigurationPlatforms) = postSolution
		{B414CE75-CD5B-41ED-A62F-10D34460392E}.Debug|Any CPU.ActiveCfg = Debug|Any CPU
		{B414CE75-CD5B-41ED-A62F-10D34460392E}.Debug|Any CPU.Build.0 = Debug|Any CPU
		{B414CE75-CD5B-41ED-A62F-10D34460392E}.Release|Any CPU.ActiveCfg = Release|Any CPU
		{B414CE75-CD5B-41ED-A62F-10D34460392E}.Release|Any CPU.Build.0 = Release|Any CPU
	EndGlobalSection
	GlobalSection(SolutionProperties) = preSolution
		HideSolutionNode = FALSE
	EndGlobalSection
	GlobalSection(ExtensibilityGlobals) = postSolution
		SolutionGuid = {5A9ECDB5-07B3-47CA-8F27-765E994FA07C}
	EndGlobalSection
EndGlobal
